
Microsoft Visual Studio Solution File, Format Version 12.00
# Visual Studio 15
VisualStudioVersion = 15.0.27130.2020
MinimumVisualStudioVersion = 10.0.40219.1
Project("{FAE04EC0-301F-11D3-BF4B-00C04F79EFBC}") = "FW16AutoTestProgram", "FW16AutoTestProgram\FW16AutoTestProgram.csproj", "{0F078A70-90BA-4AA8-818D-0936DA8A92D9}"
EndProject
Global
	GlobalSection(SolutionConfigurationPlatforms) = preSolution
		Debug|Any CPU = Debug|Any CPU
		Release|Any CPU = Release|Any CPU
	EndGlobalSection
	GlobalSection(ProjectConfigurationPlatforms) = postSolution
		{0F078A70-90BA-4AA8-818D-0936DA8A92D9}.Debug|Any CPU.ActiveCfg = Debug|Any CPU
		{0F078A70-90BA-4AA8-818D-0936DA8A92D9}.Debug|Any CPU.Build.0 = Debug|Any CPU
		{0F078A70-90BA-4AA8-818D-0936DA8A92D9}.Release|Any CPU.ActiveCfg = Release|Any CPU
		{0F078A70-90BA-4AA8-818D-0936DA8A92D9}.Release|Any CPU.Build.0 = Release|Any CPU
	EndGlobalSection
	GlobalSection(SolutionProperties) = preSolution
		HideSolutionNode = FALSE
	EndGlobalSection
	GlobalSection(ExtensibilityGlobals) = postSolution
		SolutionGuid = {4F48370C-FB0D-47AC-BE3E-923DA3C16D7C}
	EndGlobalSection
EndGlobal
